# This file is automatically @generated by Cargo.
# It is not intended for manual editing.
version = 3

[[package]]
name = "cfg-if"
version = "1.0.0"
source = "registry+https://github.com/rust-lang/crates.io-index"
checksum = "baf1de4339761588bc0619e3cbc0120ee582ebb74b53b4efbf79117bd2da40fd"

[[package]]
name = "encoding_rs"
version = "0.8.28"
source = "registry+https://github.com/rust-lang/crates.io-index"
checksum = "80df024fbc5ac80f87dfef0d9f5209a252f2a497f7f42944cff24d8253cac065"
dependencies = [
 "cfg-if",
]

[[package]]
name = "stalwart"
version = "0.1.0"
dependencies = [
 "encoding_rs",
]
